
Microsoft Visual Studio Solution File, Format Version 12.00
# Visual Studio Version 16
VisualStudioVersion = 16.0.29230.47
MinimumVisualStudioVersion = 10.0.40219.1
Project("{FAE04EC0-301F-11D3-BF4B-00C04F79EFBC}") = "Assn2", "Assn2\Assn2.csproj", "{19DC1664-5246-47B4-83E9-87DCD3B6CBEA}"
EndProject
Global
	GlobalSection(SolutionConfigurationPlatforms) = preSolution
		Debug|Any CPU = Debug|Any CPU
		Release|Any CPU = Release|Any CPU
	EndGlobalSection
	GlobalSection(ProjectConfigurationPlatforms) = postSolution
		{19DC1664-5246-47B4-83E9-87DCD3B6CBEA}.Debug|Any CPU.ActiveCfg = Debug|Any CPU
		{19DC1664-5246-47B4-83E9-87DCD3B6CBEA}.Debug|Any CPU.Build.0 = Debug|Any CPU
		{19DC1664-5246-47B4-83E9-87DCD3B6CBEA}.Release|Any CPU.ActiveCfg = Release|Any CPU
		{19DC1664-5246-47B4-83E9-87DCD3B6CBEA}.Release|Any CPU.Build.0 = Release|Any CPU
	EndGlobalSection
	GlobalSection(SolutionProperties) = preSolution
		HideSolutionNode = FALSE
	EndGlobalSection
	GlobalSection(ExtensibilityGlobals) = postSolution
		SolutionGuid = {18B59218-B805-467E-8088-5BFC7BA5AAD8}
	EndGlobalSection
EndGlobal
